MINT_VERSION=0.18.0
MINT_ARCHIVE_URL=https://github.com/yonaskolb/Mint/releases/download/0.18.0/mint.zip
MINT_ARCHIVE_SHA256=ce44b0fc4ef3bc854ea43b2d2d3f96502d52231c0e0849ec212815121955f5ef
SWIFTFORMAT_PACKAGE=nicklockwood/SwiftFormat
SWIFTFORMAT_VERSION=0.63.0
SWIFTLINT_PACKAGE=realm/SwiftLint
SWIFTLINT_VERSION=0.65.1
